
Microsoft Visual Studio Solution File, Format Version 12.00
# Visual Studio Version 17
VisualStudioVersion = 17.14.36623.8 d17.14
MinimumVisualStudioVersion = 10.0.40219.1
Project("{FAE04EC0-301F-11D3-BF4B-00C04F79EFBC}") = "B_1093_M. Ridwan Surya Putra_REMEDI_UTS_PBO", "B_1093_M. Ridwan Surya Putra_REMEDI_UTS_PBO\B_1093_M. Ridwan Surya Putra_REMEDI_UTS_PBO.csproj", "{8F6FE62D-FB80-4399-BF0B-49BF3A7995B0}"
EndProject
Global
	GlobalSection(SolutionConfigurationPlatforms) = preSolution
		Debug|Any CPU = Debug|Any CPU
		Release|Any CPU = Release|Any CPU
	EndGlobalSection
	GlobalSection(ProjectConfigurationPlatforms) = postSolution
		{8F6FE62D-FB80-4399-BF0B-49BF3A7995B0}.Debug|Any CPU.ActiveCfg = Debug|Any CPU
		{8F6FE62D-FB80-4399-BF0B-49BF3A7995B0}.Debug|Any CPU.Build.0 = Debug|Any CPU
		{8F6FE62D-FB80-4399-BF0B-49BF3A7995B0}.Release|Any CPU.ActiveCfg = Release|Any CPU
		{8F6FE62D-FB80-4399-BF0B-49BF3A7995B0}.Release|Any CPU.Build.0 = Release|Any CPU
	EndGlobalSection
	GlobalSection(SolutionProperties) = preSolution
		HideSolutionNode = FALSE
	EndGlobalSection
	GlobalSection(ExtensibilityGlobals) = postSolution
		SolutionGuid = {3C27635A-A683-49E7-BB9F-D49C816A3C18}
	EndGlobalSection
EndGlobal
